Microsoft Visual Studio Solution File, Format Version 12.00
# Visual Studio 15
VisualStudioVersion = 15.0.27130.2026
MinimumVisualStudioVersion = 10.0.40219.1
Project("{FAE04EC0-301F-11D3-BF4B-00C04F79EFBC}") = "CaveBoy", "CaveBoy\CaveBoy.csproj", "{8E49B5D6-64A1-4C51-A2BC-119DC87BDC6A}"
EndProject
Project("{FAE04EC0-301F-11D3-BF4B-00C04F79EFBC}") = "CaveBoy.Gtk", "CaveBoy.Gtk\CaveBoy.Gtk.csproj", "{73F4F4CD-E3F9-479D-8031-E81D7F192CB3}"
EndProject
Project("{FAE04EC0-301F-11D3-BF4B-00C04F79EFBC}") = "CaveBoy.Mac", "CaveBoy.Mac\CaveBoy.Mac.csproj", "{D864A6F5-EF07-4257-8AA3-7A304EC9FA37}"
EndProject
Project("{FAE04EC0-301F-11D3-BF4B-00C04F79EFBC}") = "CaveBoy.Wpf", "CaveBoy.Wpf\CaveBoy.Wpf.csproj", "{1F7F4923-47AD-43BB-8CF8-11B1E0F982CF}"
EndProject
Project("{FAE04EC0-301F-11D3-BF4B-00C04F79EFBC}") = "CaveBoy.XamMac", "CaveBoy.XamMac\CaveBoy.XamMac.csproj", "{A2E063AB-2875-4B92-817B-9D3A178AE090}"
EndProject
Global
	GlobalSection(SolutionConfigurationPlatforms) = preSolution
		Debug|Any CPU = Debug|Any CPU
		Release|Any CPU = Release|Any CPU
	EndGlobalSection
	GlobalSection(ProjectConfigurationPlatforms) = postSolution
		{8E49B5D6-64A1-4C51-A2BC-119DC87BDC6A}.Debug|Any CPU.ActiveCfg = Debug|Any CPU
		{8E49B5D6-64A1-4C51-A2BC-119DC87BDC6A}.Debug|Any CPU.Build.0 = Debug|Any CPU
		{8E49B5D6-64A1-4C51-A2BC-119DC87BDC6A}.Release|Any CPU.ActiveCfg = Release|Any CPU
		{8E49B5D6-64A1-4C51-A2BC-119DC87BDC6A}.Release|Any CPU.Build.0 = Release|Any CPU
		{73F4F4CD-E3F9-479D-8031-E81D7F192CB3}.Debug|Any CPU.ActiveCfg = Debug|Any CPU
		{73F4F4CD-E3F9-479D-8031-E81D7F192CB3}.Debug|Any CPU.Build.0 = Debug|Any CPU
		{73F4F4CD-E3F9-479D-8031-E81D7F192CB3}.Release|Any CPU.ActiveCfg = Release|Any CPU
		{73F4F4CD-E3F9-479D-8031-E81D7F192CB3}.Release|Any CPU.Build.0 = Release|Any CPU
		{D864A6F5-EF07-4257-8AA3-7A304EC9FA37}.Debug|Any CPU.ActiveCfg = Debug|Any CPU
		{D864A6F5-EF07-4257-8AA3-7A304EC9FA37}.Debug|Any CPU.Build.0 = Debug|Any CPU
		{D864A6F5-EF07-4257-8AA3-7A304EC9FA37}.Release|Any CPU.ActiveCfg = Release|Any CPU
		{D864A6F5-EF07-4257-8AA3-7A304EC9FA37}.Release|Any CPU.Build.0 = Release|Any CPU
		{1F7F4923-47AD-43BB-8CF8-11B1E0F982CF}.Debug|Any CPU.ActiveCfg = Debug|Any CPU
		{1F7F4923-47AD-43BB-8CF8-11B1E0F982CF}.Debug|Any CPU.Build.0 = Debug|Any CPU
		{1F7F4923-47AD-43BB-8CF8-11B1E0F982CF}.Release|Any CPU.ActiveCfg = Release|Any CPU
		{1F7F4923-47AD-43BB-8CF8-11B1E0F982CF}.Release|Any CPU.Build.0 = Release|Any CPU
		{A2E063AB-2875-4B92-817B-9D3A178AE090}.Debug|Any CPU.ActiveCfg = Debug|Any CPU
		{A2E063AB-2875-4B92-817B-9D3A178AE090}.Debug|Any CPU.Build.0 = Debug|Any CPU
		{A2E063AB-2875-4B92-817B-9D3A178AE090}.Release|Any CPU.ActiveCfg = Release|Any CPU
		{A2E063AB-2875-4B92-817B-9D3A178AE090}.Release|Any CPU.Build.0 = Release|Any CPU
	EndGlobalSection
	GlobalSection(SolutionProperties) = preSolution
		HideSolutionNode = FALSE
	EndGlobalSection
	GlobalSection(ExtensibilityGlobals) = postSolution
		SolutionGuid = {47857121-F23B-4FD1-B3FD-23A0B03BB92D}
	EndGlobalSection
EndGlobal
